github.com/botify-labs/v8go/deps/darwin_amd64 v0.15.4 h1:z9GJ9TETYkc3HJ7eOHkxs8aMs2ba6O9di3CJxfepycE=
github.com/botify-labs/v8go/deps/darwin_amd64 v0.15.4/go.mod h1:De/2u8Yf7I5cMtDoBOWkuPGgASKEGDSAKI8ioW7lK1k=
github.com/botify-labs/v8go/deps/darwin_arm64 v0.15.4 h1:GYgiaZZv4dlI8HBNq7Z43ubkfo+Zj5bbJd6B17++sAU=
github.com/botify-labs/v8go/deps/darwin_arm64 v0.15.4/go.mod h1:xpnVziFVq52sov7N33Issf3VvGHrw7VM8QX3nKiYGfY=
github.com/botify-labs/v8go/deps/linux_amd64 v0.15.4 h1:FVGk2625+BvZf6ato1zLwW+xlnlmGGFwMsca53KcuWk=
github.com/botify-labs/v8go/deps/linux_amd64 v0.15.4/go.mod h1:8+v86iNP08ofy5+GUwxJ5/K3lUkYNnX28eD9F7+zKfk=
github.com/botify-labs/v8go/deps/linux_arm64 v0.15.4 h1:YX8j9mcb1gmwvBYjdvOj0Z4nzpg6RqasbkeMKAmyvAE=
github.com/botify-labs/v8go/deps/linux_arm64 v0.15.4/go.mod h1:IFPiKQq/eXjMieF0vDafqzrTmlMDF8RwE+YQNbDcCWs=
github.com/botify-labs/v8go/deps/windows_amd64 v0.15.4 h1:1rKZB//Pr1pMFZ4hjNZCcBdJQLsqNmKxZ8Ves1rEiSA=
github.com/botify-labs/v8go/deps/windows_amd64 v0.15.4/go.mod h1:6TibiwKcF6XI2GL0WBa1FBTl4XZVsXOHykrQ7RnlpvU=
