github.com/botify-labs/v8go/deps/darwin_amd64 v0.0.0-20261007203548-1be5d95a805e h1:gDvrYExT1JwZ57pXTTJOq7Oj+Ahs04x0k0p8XVV4d/M=
github.com/botify-labs/v8go/deps/darwin_amd64 v0.0.0-20261007203548-1be5d95a805e/go.mod h1:De/2u8Yf7I5cMtDoBOWkuPGgASKEGDSAKI8ioW7lK1k=
github.com/botify-labs/v8go/deps/darwin_arm64 v0.0.0-20261007203548-1be5d95a805e h1:nwHJ0rttMH8IV3t78kouIIdRFs+krcCrx+BlURSpRKA=
github.com/botify-labs/v8go/deps/darwin_arm64 v0.0.0-20261007203548-1be5d95a805e/go.mod h1:xpnVziFVq52sov7N33Issf3VvGHrw7VM8QX3nKiYGfY=
github.com/botify-labs/v8go/deps/linux_amd64 v0.0.0-20261007203548-1be5d95a805e h1:ZJ+vmi0ezKxaNMY0xd7G/LubpxLB/JqlOmYd8uv81dg=
github.com/botify-labs/v8go/deps/linux_amd64 v0.0.0-20261007203548-1be5d95a805e/go.mod h1:8+v86iNP08ofy5+GUwxJ5/K3lUkYNnX28eD9F7+zKfk=
github.com/botify-labs/v8go/deps/linux_arm64 v0.0.0-20261007203548-1be5d95a805e h1:mlu3mBljEiwinAtkxEVZxr/1VP7VR/pyzlRafJvQJMQ=
github.com/botify-labs/v8go/deps/linux_arm64 v0.0.0-20261007203548-1be5d95a805e/go.mod h1:IFPiKQq/eXjMieF0vDafqzrTmlMDF8RwE+YQNbDcCWs=
github.com/botify-labs/v8go/deps/windows_amd64 v0.0.0-20261007203548-1be5d95a805e h1:9kZpEy757tk1KPxy4nSPgPatojNotT/2Rq98I7bySwI=
github.com/botify-labs/v8go/deps/windows_amd64 v0.0.0-20261007203548-1be5d95a805e/go.mod h1:6TibiwKcF6XI2GL0WBa1FBTl4XZVsXOHykrQ7RnlpvU=
