github.com/botify-labs/v8go/deps/darwin_amd64 v0.0.0-20261008190142-a939556eb157 h1:uEAMXoWTnn+Zwjr56QzYvcuYXE3p+TAzZ9IUwnhVQig=
github.com/botify-labs/v8go/deps/darwin_amd64 v0.0.0-20261008190142-a939556eb157/go.mod h1:De/2u8Yf7I5cMtDoBOWkuPGgASKEGDSAKI8ioW7lK1k=
github.com/botify-labs/v8go/deps/darwin_arm64 v0.0.0-20261008190142-a939556eb157 h1:N9CFUu9VMlz80GM3bh3hUNYJTR8XujeJ2t2HGrsBXJc=
github.com/botify-labs/v8go/deps/darwin_arm64 v0.0.0-20261008190142-a939556eb157/go.mod h1:xpnVziFVq52sov7N33Issf3VvGHrw7VM8QX3nKiYGfY=
github.com/botify-labs/v8go/deps/linux_amd64 v0.0.0-20261008190142-a939556eb157 h1:X3SOz/ZUSh84J0PMxZbNUoDw+ZogUa/jdo7avttF93s=
github.com/botify-labs/v8go/deps/linux_amd64 v0.0.0-20261008190142-a939556eb157/go.mod h1:8+v86iNP08ofy5+GUwxJ5/K3lUkYNnX28eD9F7+zKfk=
github.com/botify-labs/v8go/deps/linux_arm64 v0.0.0-20261008190142-a939556eb157 h1:bHcas1XxSALoGLtIbY7gLifo70Ngr1KxeO5IHkdAUec=
github.com/botify-labs/v8go/deps/linux_arm64 v0.0.0-20261008190142-a939556eb157/go.mod h1:IFPiKQq/eXjMieF0vDafqzrTmlMDF8RwE+YQNbDcCWs=
github.com/botify-labs/v8go/deps/windows_amd64 v0.0.0-20261008190142-a939556eb157 h1:j3Bm4Q8YSfb0z3aOL1i7h8xjKBpE93pzdvjVJ/vJmcg=
github.com/botify-labs/v8go/deps/windows_amd64 v0.0.0-20261008190142-a939556eb157/go.mod h1:6TibiwKcF6XI2GL0WBa1FBTl4XZVsXOHykrQ7RnlpvU=
